
Microsoft Visual Studio Solution File, Format Version 12.00
# Visual Studio Version 17
VisualStudioVersion = 17.8.33917.666
MinimumVisualStudioVersion = 10.0.40219.1
Project("{9A19103F-16F7-4668-BE54-9A1E7A4F7556}") = "BlazorIdentity", "BlazorIdentity.csproj", "{83AC48E5-A2A5-483B-A1F2-2AD861EF8493}"
EndProject
Global
	GlobalSection(SolutionConfigurationPlatforms) = preSolution
		Debug|Any CPU = Debug|Any CPU
		Release|Any CPU = Release|Any CPU
	EndGlobalSection
	GlobalSection(ProjectConfigurationPlatforms) = postSolution
		{83AC48E5-A2A5-483B-A1F2-2AD861EF8493}.Debug|Any CPU.ActiveCfg = Debug|Any CPU
		{83AC48E5-A2A5-483B-A1F2-2AD861EF8493}.Debug|Any CPU.Build.0 = Debug|Any CPU
		{83AC48E5-A2A5-483B-A1F2-2AD861EF8493}.Release|Any CPU.ActiveCfg = Release|Any CPU
		{83AC48E5-A2A5-483B-A1F2-2AD861EF8493}.Release|Any CPU.Build.0 = Release|Any CPU
	EndGlobalSection
	GlobalSection(SolutionProperties) = preSolution
		HideSolutionNode = FALSE
	EndGlobalSection
	GlobalSection(ExtensibilityGlobals) = postSolution
		SolutionGuid = {BCC21818-7A6C-41B9-BC6A-D400ED76FC9A}
	EndGlobalSection
EndGlobal
